
Microsoft Visual Studio Solution File, Format Version 12.00
Project("{FAE04EC0-301F-11D3-BF4B-00C04F79EFBC}") = "Arkinator_game", "Arkinator_game\Arkinator_game.csproj", "{4E882241-4235-4432-B9ED-974E2585B811}"
EndProject
Global
	GlobalSection(SolutionConfigurationPlatforms) = preSolution
		Debug|Any CPU = Debug|Any CPU
		Release|Any CPU = Release|Any CPU
	EndGlobalSection
	GlobalSection(ProjectConfigurationPlatforms) = postSolution
		{4E882241-4235-4432-B9ED-974E2585B811}.Debug|Any CPU.ActiveCfg = Debug|Any CPU
		{4E882241-4235-4432-B9ED-974E2585B811}.Debug|Any CPU.Build.0 = Debug|Any CPU
		{4E882241-4235-4432-B9ED-974E2585B811}.Release|Any CPU.ActiveCfg = Release|Any CPU
		{4E882241-4235-4432-B9ED-974E2585B811}.Release|Any CPU.Build.0 = Release|Any CPU
	EndGlobalSection
EndGlobal
